
Microsoft Visual Studio Solution File, Format Version 12.00
# Visual Studio 2012
Project("{FAE04EC0-301F-11D3-BF4B-00C04F79EFBC}") = "WAppFluentNhibernate", "WAppFluentNhibernate\WAppFluentNhibernate.csproj", "{B4BF9FB1-E13B-4287-854F-16359D9CECFB}"
EndProject
Project("{FAE04EC0-301F-11D3-BF4B-00C04F79EFBC}") = "WAppFluentNhibernate.Db", "WAppFluentNhibernate.Db\WAppFluentNhibernate.Db.csproj", "{02478682-BE4D-4479-86F2-5374163A0C01}"
EndProject
Project("{FAE04EC0-301F-11D3-BF4B-00C04F79EFBC}") = "WAppFluentNhibernate.SQLServer", "WAppFluentNhibernate.SQLServer\WAppFluentNhibernate.SQLServer.csproj", "{2283A916-DC48-4787-B9BD-70BAA56EA50E}"
EndProject
Global
	GlobalSection(SolutionConfigurationPlatforms) = preSolution
		Debug|Any CPU = Debug|Any CPU
		Release|Any CPU = Release|Any CPU
	EndGlobalSection
	GlobalSection(ProjectConfigurationPlatforms) = postSolution
		{B4BF9FB1-E13B-4287-854F-16359D9CECFB}.Debug|Any CPU.ActiveCfg = Debug|Any CPU
		{B4BF9FB1-E13B-4287-854F-16359D9CECFB}.Debug|Any CPU.Build.0 = Debug|Any CPU
		{B4BF9FB1-E13B-4287-854F-16359D9CECFB}.Release|Any CPU.ActiveCfg = Release|Any CPU
		{B4BF9FB1-E13B-4287-854F-16359D9CECFB}.Release|Any CPU.Build.0 = Release|Any CPU
		{02478682-BE4D-4479-86F2-5374163A0C01}.Debug|Any CPU.ActiveCfg = Debug|Any CPU
		{02478682-BE4D-4479-86F2-5374163A0C01}.Debug|Any CPU.Build.0 = Debug|Any CPU
		{02478682-BE4D-4479-86F2-5374163A0C01}.Release|Any CPU.ActiveCfg = Release|Any CPU
		{02478682-BE4D-4479-86F2-5374163A0C01}.Release|Any CPU.Build.0 = Release|Any CPU
		{2283A916-DC48-4787-B9BD-70BAA56EA50E}.Debug|Any CPU.ActiveCfg = Debug|Any CPU
		{2283A916-DC48-4787-B9BD-70BAA56EA50E}.Debug|Any CPU.Build.0 = Debug|Any CPU
		{2283A916-DC48-4787-B9BD-70BAA56EA50E}.Release|Any CPU.ActiveCfg = Release|Any CPU
		{2283A916-DC48-4787-B9BD-70BAA56EA50E}.Release|Any CPU.Build.0 = Release|Any CPU
	EndGlobalSection
	GlobalSection(SolutionProperties) = preSolution
		HideSolutionNode = FALSE
	EndGlobalSection
EndGlobal
